
Microsoft Visual Studio Solution File, Format Version 12.00
# Visual Studio 15
Project("{FAE04EC0-301F-11D3-BF4B-00C04F79EFBC}") = "Number wizard console", "Assembly-CSharp.csproj", "{0D6C965D-4F05-0A77-D28C-99EFC6862AED}"
EndProject
Global
	GlobalSection(SolutionConfigurationPlatforms) = preSolution
		Debug|Any CPU = Debug|Any CPU
		Release|Any CPU = Release|Any CPU
	EndGlobalSection
	GlobalSection(ProjectConfigurationPlatforms) = postSolution
		{0D6C965D-4F05-0A77-D28C-99EFC6862AED}.Debug|Any CPU.ActiveCfg = Debug|Any CPU
		{0D6C965D-4F05-0A77-D28C-99EFC6862AED}.Debug|Any CPU.Build.0 = Debug|Any CPU
		{0D6C965D-4F05-0A77-D28C-99EFC6862AED}.Release|Any CPU.ActiveCfg = Release|Any CPU
		{0D6C965D-4F05-0A77-D28C-99EFC6862AED}.Release|Any CPU.Build.0 = Release|Any CPU
	EndGlobalSection
	GlobalSection(SolutionProperties) = preSolution
		HideSolutionNode = FALSE
	EndGlobalSection
EndGlobal
